
Microsoft Visual Studio Solution File, Format Version 12.00
# Visual Studio Version 17
VisualStudioVersion = 17.5.002.0
MinimumVisualStudioVersion = 10.0.40219.1
Project("{9A19103F-16F7-4668-BE54-9A1E7A4F7556}") = "aula03", "aula03\aula03.csproj", "{DE359C5C-140C-4091-9298-BFAE8E5DFF4A}"
EndProject
Global
	GlobalSection(SolutionConfigurationPlatforms) = preSolution
		Debug|Any CPU = Debug|Any CPU
		Release|Any CPU = Release|Any CPU
	EndGlobalSection
	GlobalSection(ProjectConfigurationPlatforms) = postSolution
		{DE359C5C-140C-4091-9298-BFAE8E5DFF4A}.Debug|Any CPU.ActiveCfg = Debug|Any CPU
		{DE359C5C-140C-4091-9298-BFAE8E5DFF4A}.Debug|Any CPU.Build.0 = Debug|Any CPU
		{DE359C5C-140C-4091-9298-BFAE8E5DFF4A}.Release|Any CPU.ActiveCfg = Release|Any CPU
		{DE359C5C-140C-4091-9298-BFAE8E5DFF4A}.Release|Any CPU.Build.0 = Release|Any CPU
	EndGlobalSection
	GlobalSection(SolutionProperties) = preSolution
		HideSolutionNode = FALSE
	EndGlobalSection
	GlobalSection(ExtensibilityGlobals) = postSolution
		SolutionGuid = {F5746C7B-DD49-454D-BBAC-BC8E15FEA05D}
	EndGlobalSection
EndGlobal
